
Microsoft Visual Studio Solution File, Format Version 12.00
Project("{F2A71F9B-5D33-465A-A702-920D77279786}") = "Interpreter", "Interpreter\Interpreter.fsproj", "{B1B23442-63E7-4EA0-8831-9367CE62FC7B}"
EndProject
Project("{FAE04EC0-301F-11D3-BF4B-00C04F79EFBC}") = "GUI", "GUI\GUI.csproj", "{C180F654-11E6-45BF-B375-598B2FF5CAB8}"
EndProject
Project("{F2A71F9B-5D33-465A-A702-920D77279786}") = "InterpreterModule", "InterpreterModule\InterpreterModule.fsproj", "{0FE3A400-9CD3-48C2-8D04-69378A03ED9F}"
EndProject
Global
	GlobalSection(SolutionConfigurationPlatforms) = preSolution
		Debug|Any CPU = Debug|Any CPU
		Release|Any CPU = Release|Any CPU
	EndGlobalSection
	GlobalSection(ProjectConfigurationPlatforms) = postSolution
		{B1B23442-63E7-4EA0-8831-9367CE62FC7B}.Debug|Any CPU.ActiveCfg = Debug|Any CPU
		{B1B23442-63E7-4EA0-8831-9367CE62FC7B}.Debug|Any CPU.Build.0 = Debug|Any CPU
		{B1B23442-63E7-4EA0-8831-9367CE62FC7B}.Release|Any CPU.ActiveCfg = Release|Any CPU
		{B1B23442-63E7-4EA0-8831-9367CE62FC7B}.Release|Any CPU.Build.0 = Release|Any CPU
		{C180F654-11E6-45BF-B375-598B2FF5CAB8}.Debug|Any CPU.ActiveCfg = Debug|Any CPU
		{C180F654-11E6-45BF-B375-598B2FF5CAB8}.Debug|Any CPU.Build.0 = Debug|Any CPU
		{C180F654-11E6-45BF-B375-598B2FF5CAB8}.Release|Any CPU.ActiveCfg = Release|Any CPU
		{C180F654-11E6-45BF-B375-598B2FF5CAB8}.Release|Any CPU.Build.0 = Release|Any CPU
		{0FE3A400-9CD3-48C2-8D04-69378A03ED9F}.Debug|Any CPU.ActiveCfg = Debug|Any CPU
		{0FE3A400-9CD3-48C2-8D04-69378A03ED9F}.Debug|Any CPU.Build.0 = Debug|Any CPU
		{0FE3A400-9CD3-48C2-8D04-69378A03ED9F}.Release|Any CPU.ActiveCfg = Release|Any CPU
		{0FE3A400-9CD3-48C2-8D04-69378A03ED9F}.Release|Any CPU.Build.0 = Release|Any CPU
	EndGlobalSection
EndGlobal
